Microsoft Visual Studio Solution File, Format Version 12.00
# Visual Studio Version 17
VisualStudioVersion = 17.8.34511.84
MinimumVisualStudioVersion = 10.0.40219.1
Project("{FAE04EC0-301F-11D3-BF4B-00C04F79EFBC}") = "OliveStudio.Maths", "src\OliveStudio.Maths\OliveStudio.Maths.csproj", "{A67FAF35-E54A-55AF-7C30-2BD8FC8CF1DF}"
EndProject
Global
	GlobalSection(SolutionConfigurationPlatforms) = preSolution
		Debug|Any CPU = Debug|Any CPU
		Release|Any CPU = Release|Any CPU
	EndGlobalSection
	GlobalSection(ProjectConfigurationPlatforms) = postSolution
		{A67FAF35-E54A-55AF-7C30-2BD8FC8CF1DF}.Debug|Any CPU.ActiveCfg = Debug|Any CPU
		{A67FAF35-E54A-55AF-7C30-2BD8FC8CF1DF}.Debug|Any CPU.Build.0 = Debug|Any CPU
		{A67FAF35-E54A-55AF-7C30-2BD8FC8CF1DF}.Release|Any CPU.ActiveCfg = Release|Any CPU
		{A67FAF35-E54A-55AF-7C30-2BD8FC8CF1DF}.Release|Any CPU.Build.0 = Release|Any CPU
	EndGlobalSection
	GlobalSection(SolutionProperties) = preSolution
		HideSolutionNode = FALSE
	EndGlobalSection
	GlobalSection(ExtensibilityGlobals) = postSolution
		SolutionGuid = {BF783FF4-7515-4E92-83A6-4A12CDEC42A6}
	EndGlobalSection
EndGlobal
