Microsoft Visual Studio Solution File, Format Version 12.00
# Visual Studio Version 17
VisualStudioVersion = 17.8.34511.84
MinimumVisualStudioVersion = 10.0.40219.1
Project("{9A19103F-16F7-4668-BE54-9A1E7A4F7556}") = "Utility.Maths", "src\Utility.Maths\Utility.Maths.csproj", "{DED0E1E2-2AA5-479E-8307-A4513BD767E9}"
EndProject
Global
	GlobalSection(SolutionConfigurationPlatforms) = preSolution
		Debug|Any CPU = Debug|Any CPU
		Release|Any CPU = Release|Any CPU
	EndGlobalSection
	GlobalSection(ProjectConfigurationPlatforms) = postSolution
		{DED0E1E2-2AA5-479E-8307-A4513BD767E9}.Debug|Any CPU.ActiveCfg = Debug|Any CPU
		{DED0E1E2-2AA5-479E-8307-A4513BD767E9}.Debug|Any CPU.Build.0 = Debug|Any CPU
		{DED0E1E2-2AA5-479E-8307-A4513BD767E9}.Release|Any CPU.ActiveCfg = Release|Any CPU
		{DED0E1E2-2AA5-479E-8307-A4513BD767E9}.Release|Any CPU.Build.0 = Release|Any CPU
	EndGlobalSection
	GlobalSection(SolutionProperties) = preSolution
		HideSolutionNode = FALSE
	EndGlobalSection
	GlobalSection(ExtensibilityGlobals) = postSolution
		SolutionGuid = {BF783FF4-7515-4E92-83A6-4A12CDEC42A6}
	EndGlobalSection
EndGlobal
ion
EndGlobal
g|Any CPU.ActiveCfg = Debug|Any CPU
		{A6B51DFF-C5B1-409F-AA49-2E7FEDBF772F}.Debug|Any CPU.Build.0 = Debug|Any CPU
		{A6B51DFF-C5B1-409F-AA49-2E7FEDBF772F}.Release|Any CPU.ActiveCfg = Release|Any CPU
		{A6B51DFF-C5B1-409F-AA49-2E7FEDBF772F}.Release|Any CPU.Build.0 = Release|Any CPU
		{4ADDB966-2E6B-4FAE-B648-E10E13BDFB52}.Debug|Any CPU.ActiveCfg = Debug|Any CPU
		{4ADDB966-2E6B-4FAE-B648-E10E13BDFB52}.Debug|Any CPU.Build.0 = Debug|Any CPU
		{4ADDB966-2E6B-4FAE-B648-E10E13BDFB52}.Release|Any CPU.ActiveCfg = Release|Any CPU
		{4ADDB966-2E6B-4FAE-B648-E10E13BDFB52}.Release|Any CPU.Build.0 = Release|Any CPU
		{FEE24CBC-AE90-4A01-98E4-9D595A85647D}.Debug|Any CPU.ActiveCfg = Debug|Any CPU
		{FEE24CBC-AE90-4A01-98E4-9D595A85647D}.Debug|Any CPU.Build.0 = Debug|Any CPU
		{FEE24CBC-AE90-4A01-98E4-9D595A85647D}.Release|Any CPU.ActiveCfg = Release|Any CPU
		{FEE24CBC-AE90-4A01-98E4-9D595A85647D}.Release|Any CPU.Build.0 = Release|Any CPU
	EndGlobalSection
	GlobalSection(SolutionProperties) = preSolution
		HideSolutionNode = FALSE
	EndGlobalSection
	GlobalSection(ExtensibilityGlobals) = postSolution
		SolutionGuid = {BF783FF4-7515-4E92-83A6-4A12CDEC42A6}
	EndGlobalSection
EndGlobal
